{
  "name": "worker",
  "version": "1.0.0",
  "lockfileVersion": 3,
  "requires": true,
  "packages": {
    "": {
      "name": "worker",
      "version": "1.0.0",
      "license": "ISC",
      "devDependencies": {
        "@cloudflare/workers-types": "^4.20260307.1",
        "typescript": "^5.9.3"
      }
    },
    "node_modules/@cloudflare/workers-types": {
      "version": "4.20260307.1",
      "resolved": "https://registry.npmjs.org/@cloudflare/workers-types/-/workers-types-4.20260307.1.tgz",
      "integrity": "sha512-0PvWLVVD6Q64V/XhollYtc8H35Vxm2rZi8bkZbEr3lK+mNgd2FBBVhlZ6A3saAUq3giRF4US/UfU/3a8i1PEcg==",
      "dev": true,
      "license": "MIT OR Apache-2.0"
    },
    "node_modules/typescript": {
      "version": "5.9.3",
      "resolved": "https://registry.npmjs.org/typescript/-/typescript-5.9.3.tgz",
      "integrity": "sha512-jl1vZzPDinLr9eUt3J/t7V6FgNEw9QjvBPdysz9KfQDD41fQrC2Y4vKQdiaUpFT4bXlb1RHhLpp8wtm6M5TgSw==",
      "dev": true,
      "license": "Apache-2.0",
      "bin": {
        "tsc": "bin/tsc",
        "tsserver": "bin/tsserver"
      },
      "engines": {
        "node": ">=14.17"
      }
    }
  }
}
